
Microsoft Visual Studio Solution File, Format Version 12.00
# Visual Studio 15
VisualStudioVersion = 15.0.26228.4
MinimumVisualStudioVersion = 10.0.40219.1
Project("{FAE04EC0-301F-11D3-BF4B-00C04F79EFBC}") = "BaseApi", "BaseApi\BaseApi.csproj", "{7BB808CD-0301-4519-B110-AEE87BF8E5B0}"
EndProject
Project("{FAE04EC0-301F-11D3-BF4B-00C04F79EFBC}") = "BaseBackend", "BaseBackend\BaseBackend.csproj", "{2BB5AC35-5668-4058-907C-F2DA8F5D713A}"
EndProject
Global
	GlobalSection(SolutionConfigurationPlatforms) = preSolution
		Debug|Any CPU = Debug|Any CPU
		Release|Any CPU = Release|Any CPU
	EndGlobalSection
	GlobalSection(ProjectConfigurationPlatforms) = postSolution
		{7BB808CD-0301-4519-B110-AEE87BF8E5B0}.Debug|Any CPU.ActiveCfg = Debug|Any CPU
		{7BB808CD-0301-4519-B110-AEE87BF8E5B0}.Debug|Any CPU.Build.0 = Debug|Any CPU
		{7BB808CD-0301-4519-B110-AEE87BF8E5B0}.Release|Any CPU.ActiveCfg = Release|Any CPU
		{7BB808CD-0301-4519-B110-AEE87BF8E5B0}.Release|Any CPU.Build.0 = Release|Any CPU
		{2BB5AC35-5668-4058-907C-F2DA8F5D713A}.Debug|Any CPU.ActiveCfg = Debug|Any CPU
		{2BB5AC35-5668-4058-907C-F2DA8F5D713A}.Debug|Any CPU.Build.0 = Debug|Any CPU
		{2BB5AC35-5668-4058-907C-F2DA8F5D713A}.Release|Any CPU.ActiveCfg = Release|Any CPU
		{2BB5AC35-5668-4058-907C-F2DA8F5D713A}.Release|Any CPU.Build.0 = Release|Any CPU
	EndGlobalSection
	GlobalSection(SolutionProperties) = preSolution
		HideSolutionNode = FALSE
	EndGlobalSection
EndGlobal
